
Microsoft Visual Studio Solution File, Format Version 12.00
# Visual Studio 15
VisualStudioVersion = 15.0.27428.2005
MinimumVisualStudioVersion = 10.0.40219.1
Project("{FAE04EC0-301F-11D3-BF4B-00C04F79EFBC}") = "Lin.BGA.Model", "Lin.BGA.Model\Lin.BGA.Model.csproj", "{57560FC8-4D40-4132-AF75-730661F72ED5}"
EndProject
Project("{FAE04EC0-301F-11D3-BF4B-00C04F79EFBC}") = "Lin.BGA.DAL", "Lin.BGA.DAL\Lin.BGA.DAL.csproj", "{8F1F0EBD-177E-4A2A-9C24-19B90D314D08}"
EndProject
Project("{FAE04EC0-301F-11D3-BF4B-00C04F79EFBC}") = "Lin.BGA.IDAL", "Lin.BGA.IDAL\Lin.BGA.IDAL.csproj", "{697ECAE4-950A-4467-BF94-6D4205700C6B}"
EndProject
Project("{FAE04EC0-301F-11D3-BF4B-00C04F79EFBC}") = "Lin.BGA.DALFactory", "Lin.BGA.DALFactory\Lin.BGA.DALFactory.csproj", "{0BE7DCB8-88CE-48E5-B94B-55218D785730}"
EndProject
Project("{FAE04EC0-301F-11D3-BF4B-00C04F79EFBC}") = "Lin.BGA.BLL", "Lin.BGA.BLL\Lin.BGA.BLL.csproj", "{4F3E9B46-6BF8-49F3-80DC-5E0D6AC42613}"
EndProject
Project("{FAE04EC0-301F-11D3-BF4B-00C04F79EFBC}") = "Lin.BGA.IBLL", "Lin.BGA.IBLL\Lin.BGA.IBLL.csproj", "{9696160E-686F-43DB-8C5D-70D775957CD4}"
EndProject
Project("{FAE04EC0-301F-11D3-BF4B-00C04F79EFBC}") = "Lin.BGA.BLLFactory", "Lin.BGA.BLLFactory\Lin.BGA.BLLFactory.csproj", "{F9010555-7F1D-47E6-9BF2-A4E91C32AA3F}"
EndProject
Project("{2150E333-8FDC-42A3-9474-1A3956D46DE8}") = "DAL", "DAL", "{3F706558-FBCE-423C-B226-618D21A53E95}"
EndProject
Project("{2150E333-8FDC-42A3-9474-1A3956D46DE8}") = "BLL", "BLL", "{D841A6DF-845B-491E-8968-60328FEB4DF8}"
EndProject
Project("{FAE04EC0-301F-11D3-BF4B-00C04F79EFBC}") = "Tool", "Tool\Tool.csproj", "{71295E4C-9C5C-495B-AEDA-37ED57311B07}"
EndProject
Project("{FAE04EC0-301F-11D3-BF4B-00C04F79EFBC}") = "Lin.BGA.web", "Lin.BGA.web\Lin.BGA.web.csproj", "{CAACED6A-FFD9-47ED-AEAF-31F4BA829736}"
EndProject
Project("{FAE04EC0-301F-11D3-BF4B-00C04F79EFBC}") = "Lin.BGA.HDL", "Lin.BGA.HDL\Lin.BGA.HDL.csproj", "{8A9EBB4D-5316-4439-986B-C4D6ED9EC0C1}"
EndProject
Project("{FAE04EC0-301F-11D3-BF4B-00C04F79EFBC}") = "test", "test\test.csproj", "{CD23EA70-7E89-425E-B7C5-11BB468B4847}"
EndProject
Project("{FAE04EC0-301F-11D3-BF4B-00C04F79EFBC}") = "Lin.BGA.APIClient", "Lin.BGA.APIClient\Lin.BGA.APIClient.csproj", "{5EA0165F-0E42-4D0B-A38B-50A33F0D06A3}"
EndProject
Project("{FAE04EC0-301F-11D3-BF4B-00C04F79EFBC}") = "Lin.BGA.Update", "Lin.BGA.Update\Lin.BGA.Update.csproj", "{F4A6534C-4FBA-4D5C-8EC2-B5E197FCFFF4}"
EndProject
Global
	GlobalSection(SolutionConfigurationPlatforms) = preSolution
		Debug|Any CPU = Debug|Any CPU
		Release|Any CPU = Release|Any CPU
	EndGlobalSection
	GlobalSection(ProjectConfigurationPlatforms) = postSolution
		{57560FC8-4D40-4132-AF75-730661F72ED5}.Debug|Any CPU.ActiveCfg = Debug|Any CPU
		{57560FC8-4D40-4132-AF75-730661F72ED5}.Debug|Any CPU.Build.0 = Debug|Any CPU
		{57560FC8-4D40-4132-AF75-730661F72ED5}.Release|Any CPU.ActiveCfg = Release|Any CPU
		{57560FC8-4D40-4132-AF75-730661F72ED5}.Release|Any CPU.Build.0 = Release|Any CPU
		{8F1F0EBD-177E-4A2A-9C24-19B90D314D08}.Debug|Any CPU.ActiveCfg = Debug|Any CPU
		{8F1F0EBD-177E-4A2A-9C24-19B90D314D08}.Debug|Any CPU.Build.0 = Debug|Any CPU
		{8F1F0EBD-177E-4A2A-9C24-19B90D314D08}.Release|Any CPU.ActiveCfg = Release|Any CPU
		{8F1F0EBD-177E-4A2A-9C24-19B90D314D08}.Release|Any CPU.Build.0 = Release|Any CPU
		{697ECAE4-950A-4467-BF94-6D4205700C6B}.Debug|Any CPU.ActiveCfg = Debug|Any CPU
		{697ECAE4-950A-4467-BF94-6D4205700C6B}.Debug|Any CPU.Build.0 = Debug|Any CPU
		{697ECAE4-950A-4467-BF94-6D4205700C6B}.Release|Any CPU.ActiveCfg = Release|Any CPU
		{697ECAE4-950A-4467-BF94-6D4205700C6B}.Release|Any CPU.Build.0 = Release|Any CPU
		{0BE7DCB8-88CE-48E5-B94B-55218D785730}.Debug|Any CPU.ActiveCfg = Debug|Any CPU
		{0BE7DCB8-88CE-48E5-B94B-55218D785730}.Debug|Any CPU.Build.0 = Debug|Any CPU
		{0BE7DCB8-88CE-48E5-B94B-55218D785730}.Release|Any CPU.ActiveCfg = Release|Any CPU
		{0BE7DCB8-88CE-48E5-B94B-55218D785730}.Release|Any CPU.Build.0 = Release|Any CPU
		{4F3E9B46-6BF8-49F3-80DC-5E0D6AC42613}.Debug|Any CPU.ActiveCfg = Debug|Any CPU
		{4F3E9B46-6BF8-49F3-80DC-5E0D6AC42613}.Debug|Any CPU.Build.0 = Debug|Any CPU
		{4F3E9B46-6BF8-49F3-80DC-5E0D6AC42613}.Release|Any CPU.ActiveCfg = Release|Any CPU
		{4F3E9B46-6BF8-49F3-80DC-5E0D6AC42613}.Release|Any CPU.Build.0 = Release|Any CPU
		{9696160E-686F-43DB-8C5D-70D775957CD4}.Debug|Any CPU.ActiveCfg = Debug|Any CPU
		{9696160E-686F-43DB-8C5D-70D775957CD4}.Debug|Any CPU.Build.0 = Debug|Any CPU
		{9696160E-686F-43DB-8C5D-70D775957CD4}.Release|Any CPU.ActiveCfg = Release|Any CPU
		{9696160E-686F-43DB-8C5D-70D775957CD4}.Release|Any CPU.Build.0 = Release|Any CPU
		{F9010555-7F1D-47E6-9BF2-A4E91C32AA3F}.Debug|Any CPU.ActiveCfg = Debug|Any CPU
		{F9010555-7F1D-47E6-9BF2-A4E91C32AA3F}.Debug|Any CPU.Build.0 = Debug|Any CPU
		{F9010555-7F1D-47E6-9BF2-A4E91C32AA3F}.Release|Any CPU.ActiveCfg = Release|Any CPU
		{F9010555-7F1D-47E6-9BF2-A4E91C32AA3F}.Release|Any CPU.Build.0 = Release|Any CPU
		{71295E4C-9C5C-495B-AEDA-37ED57311B07}.Debug|Any CPU.ActiveCfg = Debug|Any CPU
		{71295E4C-9C5C-495B-AEDA-37ED57311B07}.Debug|Any CPU.Build.0 = Debug|Any CPU
		{71295E4C-9C5C-495B-AEDA-37ED57311B07}.Release|Any CPU.ActiveCfg = Release|Any CPU
		{71295E4C-9C5C-495B-AEDA-37ED57311B07}.Release|Any CPU.Build.0 = Release|Any CPU
		{CAACED6A-FFD9-47ED-AEAF-31F4BA829736}.Debug|Any CPU.ActiveCfg = Debug|Any CPU
		{CAACED6A-FFD9-47ED-AEAF-31F4BA829736}.Debug|Any CPU.Build.0 = Debug|Any CPU
		{CAACED6A-FFD9-47ED-AEAF-31F4BA829736}.Release|Any CPU.ActiveCfg = Release|Any CPU
		{CAACED6A-FFD9-47ED-AEAF-31F4BA829736}.Release|Any CPU.Build.0 = Release|Any CPU
		{8A9EBB4D-5316-4439-986B-C4D6ED9EC0C1}.Debug|Any CPU.ActiveCfg = Debug|Any CPU
		{8A9EBB4D-5316-4439-986B-C4D6ED9EC0C1}.Debug|Any CPU.Build.0 = Debug|Any CPU
		{8A9EBB4D-5316-4439-986B-C4D6ED9EC0C1}.Release|Any CPU.ActiveCfg = Release|Any CPU
		{8A9EBB4D-5316-4439-986B-C4D6ED9EC0C1}.Release|Any CPU.Build.0 = Release|Any CPU
		{CD23EA70-7E89-425E-B7C5-11BB468B4847}.Debug|Any CPU.ActiveCfg = Debug|Any CPU
		{CD23EA70-7E89-425E-B7C5-11BB468B4847}.Debug|Any CPU.Build.0 = Debug|Any CPU
		{CD23EA70-7E89-425E-B7C5-11BB468B4847}.Release|Any CPU.ActiveCfg = Release|Any CPU
		{CD23EA70-7E89-425E-B7C5-11BB468B4847}.Release|Any CPU.Build.0 = Release|Any CPU
		{5EA0165F-0E42-4D0B-A38B-50A33F0D06A3}.Debug|Any CPU.ActiveCfg = Debug|Any CPU
		{5EA0165F-0E42-4D0B-A38B-50A33F0D06A3}.Debug|Any CPU.Build.0 = Debug|Any CPU
		{5EA0165F-0E42-4D0B-A38B-50A33F0D06A3}.Release|Any CPU.ActiveCfg = Release|Any CPU
		{5EA0165F-0E42-4D0B-A38B-50A33F0D06A3}.Release|Any CPU.Build.0 = Release|Any CPU
		{F4A6534C-4FBA-4D5C-8EC2-B5E197FCFFF4}.Debug|Any CPU.ActiveCfg = Debug|Any CPU
		{F4A6534C-4FBA-4D5C-8EC2-B5E197FCFFF4}.Debug|Any CPU.Build.0 = Debug|Any CPU
		{F4A6534C-4FBA-4D5C-8EC2-B5E197FCFFF4}.Release|Any CPU.ActiveCfg = Release|Any CPU
		{F4A6534C-4FBA-4D5C-8EC2-B5E197FCFFF4}.Release|Any CPU.Build.0 = Release|Any CPU
	EndGlobalSection
	GlobalSection(SolutionProperties) = preSolution
		HideSolutionNode = FALSE
	EndGlobalSection
	GlobalSection(NestedProjects) = preSolution
		{8F1F0EBD-177E-4A2A-9C24-19B90D314D08} = {3F706558-FBCE-423C-B226-618D21A53E95}
		{697ECAE4-950A-4467-BF94-6D4205700C6B} = {3F706558-FBCE-423C-B226-618D21A53E95}
		{0BE7DCB8-88CE-48E5-B94B-55218D785730} = {3F706558-FBCE-423C-B226-618D21A53E95}
		{4F3E9B46-6BF8-49F3-80DC-5E0D6AC42613} = {D841A6DF-845B-491E-8968-60328FEB4DF8}
		{9696160E-686F-43DB-8C5D-70D775957CD4} = {D841A6DF-845B-491E-8968-60328FEB4DF8}
		{F9010555-7F1D-47E6-9BF2-A4E91C32AA3F} = {D841A6DF-845B-491E-8968-60328FEB4DF8}
	EndGlobalSection
	GlobalSection(ExtensibilityGlobals) = postSolution
		SolutionGuid = {9F012506-227C-413C-BDBF-E5CD13A583F4}
	EndGlobalSection
EndGlobal
